
Microsoft Visual Studio Solution File, Format Version 12.00
# Visual Studio 15
VisualStudioVersion = 15.0.28307.489
MinimumVisualStudioVersion = 10.0.40219.1
Project("{FAE04EC0-301F-11D3-BF4B-00C04F79EFBC}") = "XamarinFormMongo.Android", "XamarinFormMongo\XamarinFormMongo.Android\XamarinFormMongo.Android.csproj", "{1B20E2D5-734B-410F-94C7-6700AA5CA763}"
EndProject
Project("{FAE04EC0-301F-11D3-BF4B-00C04F79EFBC}") = "XamarinFormMongo.iOS", "XamarinFormMongo\XamarinFormMongo.iOS\XamarinFormMongo.iOS.csproj", "{96212108-4562-460C-96E8-E80ED1C87993}"
EndProject
Project("{FAE04EC0-301F-11D3-BF4B-00C04F79EFBC}") = "XamarinFormMongo.UWP", "XamarinFormMongo\XamarinFormMongo.UWP\XamarinFormMongo.UWP.csproj", "{0F9296FE-6604-4336-8F77-CEA1CCA74657}"
EndProject
Project("{FAE04EC0-301F-11D3-BF4B-00C04F79EFBC}") = "XamarinFormMongo.MobileAppService", "XamarinFormMongo\XamarinFormMongo.MobileAppService\XamarinFormMongo.MobileAppService.csproj", "{E9514D6D-5765-4AE6-AC1A-1585C363CD70}"
EndProject
Project("{FAE04EC0-301F-11D3-BF4B-00C04F79EFBC}") = "XamarinFormMongo", "XamarinFormMongo\XamarinFormMongo\XamarinFormMongo.csproj", "{7613CB01-5546-4ADA-880D-B8E9DD3532BE}"
EndProject
Global
	GlobalSection(SolutionConfigurationPlatforms) = preSolution
		Debug|Any CPU = Debug|Any CPU
		Debug|ARM = Debug|ARM
		Debug|iPhone = Debug|iPhone
		Debug|iPhoneSimulator = Debug|iPhoneSimulator
		Debug|x64 = Debug|x64
		Debug|x86 = Debug|x86
		Release|Any CPU = Release|Any CPU
		Release|ARM = Release|ARM
		Release|iPhone = Release|iPhone
		Release|iPhoneSimulator = Release|iPhoneSimulator
		Release|x64 = Release|x64
		Release|x86 = Release|x86
	EndGlobalSection
	GlobalSection(ProjectConfigurationPlatforms) = postSolution
		{1B20E2D5-734B-410F-94C7-6700AA5CA763}.Debug|Any CPU.ActiveCfg = Debug|Any CPU
		{1B20E2D5-734B-410F-94C7-6700AA5CA763}.Debug|Any CPU.Build.0 = Debug|Any CPU
		{1B20E2D5-734B-410F-94C7-6700AA5CA763}.Debug|Any CPU.Deploy.0 = Debug|Any CPU
		{1B20E2D5-734B-410F-94C7-6700AA5CA763}.Debug|ARM.ActiveCfg = Debug|Any CPU
		{1B20E2D5-734B-410F-94C7-6700AA5CA763}.Debug|ARM.Build.0 = Debug|Any CPU
		{1B20E2D5-734B-410F-94C7-6700AA5CA763}.Debug|ARM.Deploy.0 = Debug|Any CPU
		{1B20E2D5-734B-410F-94C7-6700AA5CA763}.Debug|iPhone.ActiveCfg = Debug|Any CPU
		{1B20E2D5-734B-410F-94C7-6700AA5CA763}.Debug|iPhone.Build.0 = Debug|Any CPU
		{1B20E2D5-734B-410F-94C7-6700AA5CA763}.Debug|iPhone.Deploy.0 = Debug|Any CPU
		{1B20E2D5-734B-410F-94C7-6700AA5CA763}.Debug|iPhoneSimulator.ActiveCfg = Debug|Any CPU
		{1B20E2D5-734B-410F-94C7-6700AA5CA763}.Debug|iPhoneSimulator.Build.0 = Debug|Any CPU
		{1B20E2D5-734B-410F-94C7-6700AA5CA763}.Debug|iPhoneSimulator.Deploy.0 = Debug|Any CPU
		{1B20E2D5-734B-410F-94C7-6700AA5CA763}.Debug|x64.ActiveCfg = Debug|Any CPU
		{1B20E2D5-734B-410F-94C7-6700AA5CA763}.Debug|x64.Build.0 = Debug|Any CPU
		{1B20E2D5-734B-410F-94C7-6700AA5CA763}.Debug|x64.Deploy.0 = Debug|Any CPU
		{1B20E2D5-734B-410F-94C7-6700AA5CA763}.Debug|x86.ActiveCfg = Debug|Any CPU
		{1B20E2D5-734B-410F-94C7-6700AA5CA763}.Debug|x86.Build.0 = Debug|Any CPU
		{1B20E2D5-734B-410F-94C7-6700AA5CA763}.Debug|x86.Deploy.0 = Debug|Any CPU
		{1B20E2D5-734B-410F-94C7-6700AA5CA763}.Release|Any CPU.ActiveCfg = Release|Any CPU
		{1B20E2D5-734B-410F-94C7-6700AA5CA763}.Release|Any CPU.Build.0 = Release|Any CPU
		{1B20E2D5-734B-410F-94C7-6700AA5CA763}.Release|Any CPU.Deploy.0 = Release|Any CPU
		{1B20E2D5-734B-410F-94C7-6700AA5CA763}.Release|ARM.ActiveCfg = Release|Any CPU
		{1B20E2D5-734B-410F-94C7-6700AA5CA763}.Release|ARM.Build.0 = Release|Any CPU
		{1B20E2D5-734B-410F-94C7-6700AA5CA763}.Release|ARM.Deploy.0 = Release|Any CPU
		{1B20E2D5-734B-410F-94C7-6700AA5CA763}.Release|iPhone.ActiveCfg = Release|Any CPU
		{1B20E2D5-734B-410F-94C7-6700AA5CA763}.Release|iPhone.Build.0 = Release|Any CPU
		{1B20E2D5-734B-410F-94C7-6700AA5CA763}.Release|iPhone.Deploy.0 = Release|Any CPU
		{1B20E2D5-734B-410F-94C7-6700AA5CA763}.Release|iPhoneSimulator.ActiveCfg = Release|Any CPU
		{1B20E2D5-734B-410F-94C7-6700AA5CA763}.Release|iPhoneSimulator.Build.0 = Release|Any CPU
		{1B20E2D5-734B-410F-94C7-6700AA5CA763}.Release|iPhoneSimulator.Deploy.0 = Release|Any CPU
		{1B20E2D5-734B-410F-94C7-6700AA5CA763}.Release|x64.ActiveCfg = Release|Any CPU
		{1B20E2D5-734B-410F-94C7-6700AA5CA763}.Release|x64.Build.0 = Release|Any CPU
		{1B20E2D5-734B-410F-94C7-6700AA5CA763}.Release|x64.Deploy.0 = Release|Any CPU
		{1B20E2D5-734B-410F-94C7-6700AA5CA763}.Release|x86.ActiveCfg = Release|Any CPU
		{1B20E2D5-734B-410F-94C7-6700AA5CA763}.Release|x86.Build.0 = Release|Any CPU
		{1B20E2D5-734B-410F-94C7-6700AA5CA763}.Release|x86.Deploy.0 = Release|Any CPU
		{96212108-4562-460C-96E8-E80ED1C87993}.Debug|Any CPU.ActiveCfg = Debug|iPhoneSimulator
		{96212108-4562-460C-96E8-E80ED1C87993}.Debug|Any CPU.Build.0 = Debug|iPhoneSimulator
		{96212108-4562-460C-96E8-E80ED1C87993}.Debug|Any CPU.Deploy.0 = Debug|iPhoneSimulator
		{96212108-4562-460C-96E8-E80ED1C87993}.Debug|ARM.ActiveCfg = Debug|iPhone
		{96212108-4562-460C-96E8-E80ED1C87993}.Debug|ARM.Build.0 = Debug|iPhone
		{96212108-4562-460C-96E8-E80ED1C87993}.Debug|ARM.Deploy.0 = Debug|iPhone
		{96212108-4562-460C-96E8-E80ED1C87993}.Debug|iPhone.ActiveCfg = Debug|iPhone
		{96212108-4562-460C-96E8-E80ED1C87993}.Debug|iPhone.Build.0 = Debug|iPhone
		{96212108-4562-460C-96E8-E80ED1C87993}.Debug|iPhone.Deploy.0 = Debug|iPhone
		{96212108-4562-460C-96E8-E80ED1C87993}.Debug|iPhoneSimulator.ActiveCfg = Debug|iPhoneSimulator
		{96212108-4562-460C-96E8-E80ED1C87993}.Debug|iPhoneSimulator.Build.0 = Debug|iPhoneSimulator
		{96212108-4562-460C-96E8-E80ED1C87993}.Debug|iPhoneSimulator.Deploy.0 = Debug|iPhoneSimulator
		{96212108-4562-460C-96E8-E80ED1C87993}.Debug|x64.ActiveCfg = Debug|iPhone
		{96212108-4562-460C-96E8-E80ED1C87993}.Debug|x64.Build.0 = Debug|iPhone
		{96212108-4562-460C-96E8-E80ED1C87993}.Debug|x64.Deploy.0 = Debug|iPhone
		{96212108-4562-460C-96E8-E80ED1C87993}.Debug|x86.ActiveCfg = Debug|iPhone
		{96212108-4562-460C-96E8-E80ED1C87993}.Debug|x86.Build.0 = Debug|iPhone
		{96212108-4562-460C-96E8-E80ED1C87993}.Debug|x86.Deploy.0 = Debug|iPhone
		{96212108-4562-460C-96E8-E80ED1C87993}.Release|Any CPU.ActiveCfg = Release|iPhone
		{96212108-4562-460C-96E8-E80ED1C87993}.Release|Any CPU.Build.0 = Release|iPhone
		{96212108-4562-460C-96E8-E80ED1C87993}.Release|Any CPU.Deploy.0 = Release|iPhone
		{96212108-4562-460C-96E8-E80ED1C87993}.Release|ARM.ActiveCfg = Release|iPhone
		{96212108-4562-460C-96E8-E80ED1C87993}.Release|ARM.Build.0 = Release|iPhone
		{96212108-4562-460C-96E8-E80ED1C87993}.Release|ARM.Deploy.0 = Release|iPhone
		{96212108-4562-460C-96E8-E80ED1C87993}.Release|iPhone.ActiveCfg = Release|iPhone
		{96212108-4562-460C-96E8-E80ED1C87993}.Release|iPhone.Build.0 = Release|iPhone
		{96212108-4562-460C-96E8-E80ED1C87993}.Release|iPhone.Deploy.0 = Release|iPhone
		{96212108-4562-460C-96E8-E80ED1C87993}.Release|iPhoneSimulator.ActiveCfg = Release|iPhoneSimulator
		{96212108-4562-460C-96E8-E80ED1C87993}.Release|iPhoneSimulator.Build.0 = Release|iPhoneSimulator
		{96212108-4562-460C-96E8-E80ED1C87993}.Release|iPhoneSimulator.Deploy.0 = Release|iPhoneSimulator
		{96212108-4562-460C-96E8-E80ED1C87993}.Release|x64.ActiveCfg = Release|iPhone
		{96212108-4562-460C-96E8-E80ED1C87993}.Release|x64.Build.0 = Release|iPhone
		{96212108-4562-460C-96E8-E80ED1C87993}.Release|x64.Deploy.0 = Release|iPhone
		{96212108-4562-460C-96E8-E80ED1C87993}.Release|x86.ActiveCfg = Release|iPhone
		{96212108-4562-460C-96E8-E80ED1C87993}.Release|x86.Build.0 = Release|iPhone
		{96212108-4562-460C-96E8-E80ED1C87993}.Release|x86.Deploy.0 = Release|iPhone
		{0F9296FE-6604-4336-8F77-CEA1CCA74657}.Debug|Any CPU.ActiveCfg = Debug|x86
		{0F9296FE-6604-4336-8F77-CEA1CCA74657}.Debug|Any CPU.Build.0 = Debug|x86
		{0F9296FE-6604-4336-8F77-CEA1CCA74657}.Debug|Any CPU.Deploy.0 = Debug|x86
		{0F9296FE-6604-4336-8F77-CEA1CCA74657}.Debug|ARM.ActiveCfg = Debug|ARM
		{0F9296FE-6604-4336-8F77-CEA1CCA74657}.Debug|ARM.Build.0 = Debug|ARM
		{0F9296FE-6604-4336-8F77-CEA1CCA74657}.Debug|ARM.Deploy.0 = Debug|ARM
		{0F9296FE-6604-4336-8F77-CEA1CCA74657}.Debug|iPhone.ActiveCfg = Debug|x86
		{0F9296FE-6604-4336-8F77-CEA1CCA74657}.Debug|iPhone.Build.0 = Debug|x86
		{0F9296FE-6604-4336-8F77-CEA1CCA74657}.Debug|iPhone.Deploy.0 = Debug|x86
		{0F9296FE-6604-4336-8F77-CEA1CCA74657}.Debug|iPhoneSimulator.ActiveCfg = Debug|x86
		{0F9296FE-6604-4336-8F77-CEA1CCA74657}.Debug|iPhoneSimulator.Build.0 = Debug|x86
		{0F9296FE-6604-4336-8F77-CEA1CCA74657}.Debug|iPhoneSimulator.Deploy.0 = Debug|x86
		{0F9296FE-6604-4336-8F77-CEA1CCA74657}.Debug|x64.ActiveCfg = Debug|x64
		{0F9296FE-6604-4336-8F77-CEA1CCA74657}.Debug|x64.Build.0 = Debug|x64
		{0F9296FE-6604-4336-8F77-CEA1CCA74657}.Debug|x64.Deploy.0 = Debug|x64
		{0F9296FE-6604-4336-8F77-CEA1CCA74657}.Debug|x86.ActiveCfg = Debug|x86
		{0F9296FE-6604-4336-8F77-CEA1CCA74657}.Debug|x86.Build.0 = Debug|x86
		{0F9296FE-6604-4336-8F77-CEA1CCA74657}.Debug|x86.Deploy.0 = Debug|x86
		{0F9296FE-6604-4336-8F77-CEA1CCA74657}.Release|Any CPU.ActiveCfg = Release|x86
		{0F9296FE-6604-4336-8F77-CEA1CCA74657}.Release|Any CPU.Build.0 = Release|x86
		{0F9296FE-6604-4336-8F77-CEA1CCA74657}.Release|Any CPU.Deploy.0 = Release|x86
		{0F9296FE-6604-4336-8F77-CEA1CCA74657}.Release|ARM.ActiveCfg = Release|ARM
		{0F9296FE-6604-4336-8F77-CEA1CCA74657}.Release|ARM.Build.0 = Release|ARM
		{0F9296FE-6604-4336-8F77-CEA1CCA74657}.Release|ARM.Deploy.0 = Release|ARM
		{0F9296FE-6604-4336-8F77-CEA1CCA74657}.Release|iPhone.ActiveCfg = Release|x86
		{0F9296FE-6604-4336-8F77-CEA1CCA74657}.Release|iPhone.Build.0 = Release|x86
		{0F9296FE-6604-4336-8F77-CEA1CCA74657}.Release|iPhone.Deploy.0 = Release|x86
		{0F9296FE-6604-4336-8F77-CEA1CCA74657}.Release|iPhoneSimulator.ActiveCfg = Release|x86
		{0F9296FE-6604-4336-8F77-CEA1CCA74657}.Release|iPhoneSimulator.Build.0 = Release|x86
		{0F9296FE-6604-4336-8F77-CEA1CCA74657}.Release|iPhoneSimulator.Deploy.0 = Release|x86
		{0F9296FE-6604-4336-8F77-CEA1CCA74657}.Release|x64.ActiveCfg = Release|x64
		{0F9296FE-6604-4336-8F77-CEA1CCA74657}.Release|x64.Build.0 = Release|x64
		{0F9296FE-6604-4336-8F77-CEA1CCA74657}.Release|x64.Deploy.0 = Release|x64
		{0F9296FE-6604-4336-8F77-CEA1CCA74657}.Release|x86.ActiveCfg = Release|x86
		{0F9296FE-6604-4336-8F77-CEA1CCA74657}.Release|x86.Build.0 = Release|x86
		{0F9296FE-6604-4336-8F77-CEA1CCA74657}.Release|x86.Deploy.0 = Release|x86
		{E9514D6D-5765-4AE6-AC1A-1585C363CD70}.Debug|Any CPU.ActiveCfg = Debug|Any CPU
		{E9514D6D-5765-4AE6-AC1A-1585C363CD70}.Debug|Any CPU.Build.0 = Debug|Any CPU
		{E9514D6D-5765-4AE6-AC1A-1585C363CD70}.Debug|Any CPU.Deploy.0 = Debug|Any CPU
		{E9514D6D-5765-4AE6-AC1A-1585C363CD70}.Debug|ARM.ActiveCfg = Debug|Any CPU
		{E9514D6D-5765-4AE6-AC1A-1585C363CD70}.Debug|ARM.Build.0 = Debug|Any CPU
		{E9514D6D-5765-4AE6-AC1A-1585C363CD70}.Debug|ARM.Deploy.0 = Debug|Any CPU
		{E9514D6D-5765-4AE6-AC1A-1585C363CD70}.Debug|iPhone.ActiveCfg = Debug|Any CPU
		{E9514D6D-5765-4AE6-AC1A-1585C363CD70}.Debug|iPhone.Build.0 = Debug|Any CPU
		{E9514D6D-5765-4AE6-AC1A-1585C363CD70}.Debug|iPhone.Deploy.0 = Debug|Any CPU
		{E9514D6D-5765-4AE6-AC1A-1585C363CD70}.Debug|iPhoneSimulator.ActiveCfg = Debug|Any CPU
		{E9514D6D-5765-4AE6-AC1A-1585C363CD70}.Debug|iPhoneSimulator.Build.0 = Debug|Any CPU
		{E9514D6D-5765-4AE6-AC1A-1585C363CD70}.Debug|iPhoneSimulator.Deploy.0 = Debug|Any CPU
		{E9514D6D-5765-4AE6-AC1A-1585C363CD70}.Debug|x64.ActiveCfg = Debug|Any CPU
		{E9514D6D-5765-4AE6-AC1A-1585C363CD70}.Debug|x64.Build.0 = Debug|Any CPU
		{E9514D6D-5765-4AE6-AC1A-1585C363CD70}.Debug|x64.Deploy.0 = Debug|Any CPU
		{E9514D6D-5765-4AE6-AC1A-1585C363CD70}.Debug|x86.ActiveCfg = Debug|Any CPU
		{E9514D6D-5765-4AE6-AC1A-1585C363CD70}.Debug|x86.Build.0 = Debug|Any CPU
		{E9514D6D-5765-4AE6-AC1A-1585C363CD70}.Debug|x86.Deploy.0 = Debug|Any CPU
		{E9514D6D-5765-4AE6-AC1A-1585C363CD70}.Release|Any CPU.ActiveCfg = Release|Any CPU
		{E9514D6D-5765-4AE6-AC1A-1585C363CD70}.Release|Any CPU.Build.0 = Release|Any CPU
		{E9514D6D-5765-4AE6-AC1A-1585C363CD70}.Release|Any CPU.Deploy.0 = Release|Any CPU
		{E9514D6D-5765-4AE6-AC1A-1585C363CD70}.Release|ARM.ActiveCfg = Release|Any CPU
		{E9514D6D-5765-4AE6-AC1A-1585C363CD70}.Release|ARM.Build.0 = Release|Any CPU
		{E9514D6D-5765-4AE6-AC1A-1585C363CD70}.Release|ARM.Deploy.0 = Release|Any CPU
		{E9514D6D-5765-4AE6-AC1A-1585C363CD70}.Release|iPhone.ActiveCfg = Release|Any CPU
		{E9514D6D-5765-4AE6-AC1A-1585C363CD70}.Release|iPhone.Build.0 = Release|Any CPU
		{E9514D6D-5765-4AE6-AC1A-1585C363CD70}.Release|iPhone.Deploy.0 = Release|Any CPU
		{E9514D6D-5765-4AE6-AC1A-1585C363CD70}.Release|iPhoneSimulator.ActiveCfg = Release|Any CPU
		{E9514D6D-5765-4AE6-AC1A-1585C363CD70}.Release|iPhoneSimulator.Build.0 = Release|Any CPU
		{E9514D6D-5765-4AE6-AC1A-1585C363CD70}.Release|iPhoneSimulator.Deploy.0 = Release|Any CPU
		{E9514D6D-5765-4AE6-AC1A-1585C363CD70}.Release|x64.ActiveCfg = Release|Any CPU
		{E9514D6D-5765-4AE6-AC1A-1585C363CD70}.Release|x64.Build.0 = Release|Any CPU
		{E9514D6D-5765-4AE6-AC1A-1585C363CD70}.Release|x64.Deploy.0 = Release|Any CPU
		{E9514D6D-5765-4AE6-AC1A-1585C363CD70}.Release|x86.ActiveCfg = Release|Any CPU
		{E9514D6D-5765-4AE6-AC1A-1585C363CD70}.Release|x86.Build.0 = Release|Any CPU
		{E9514D6D-5765-4AE6-AC1A-1585C363CD70}.Release|x86.Deploy.0 = Release|Any CPU
		{7613CB01-5546-4ADA-880D-B8E9DD3532BE}.Debug|Any CPU.ActiveCfg = Debug|Any CPU
		{7613CB01-5546-4ADA-880D-B8E9DD3532BE}.Debug|Any CPU.Build.0 = Debug|Any CPU
		{7613CB01-5546-4ADA-880D-B8E9DD3532BE}.Debug|Any CPU.Deploy.0 = Debug|Any CPU
		{7613CB01-5546-4ADA-880D-B8E9DD3532BE}.Debug|ARM.ActiveCfg = Debug|Any CPU
		{7613CB01-5546-4ADA-880D-B8E9DD3532BE}.Debug|ARM.Build.0 = Debug|Any CPU
		{7613CB01-5546-4ADA-880D-B8E9DD3532BE}.Debug|ARM.Deploy.0 = Debug|Any CPU
		{7613CB01-5546-4ADA-880D-B8E9DD3532BE}.Debug|iPhone.ActiveCfg = Debug|Any CPU
		{7613CB01-5546-4ADA-880D-B8E9DD3532BE}.Debug|iPhone.Build.0 = Debug|Any CPU
		{7613CB01-5546-4ADA-880D-B8E9DD3532BE}.Debug|iPhone.Deploy.0 = Debug|Any CPU
		{7613CB01-5546-4ADA-880D-B8E9DD3532BE}.Debug|iPhoneSimulator.ActiveCfg = Debug|Any CPU
		{7613CB01-5546-4ADA-880D-B8E9DD3532BE}.Debug|iPhoneSimulator.Build.0 = Debug|Any CPU
		{7613CB01-5546-4ADA-880D-B8E9DD3532BE}.Debug|iPhoneSimulator.Deploy.0 = Debug|Any CPU
		{7613CB01-5546-4ADA-880D-B8E9DD3532BE}.Debug|x64.ActiveCfg = Debug|Any CPU
		{7613CB01-5546-4ADA-880D-B8E9DD3532BE}.Debug|x64.Build.0 = Debug|Any CPU
		{7613CB01-5546-4ADA-880D-B8E9DD3532BE}.Debug|x64.Deploy.0 = Debug|Any CPU
		{7613CB01-5546-4ADA-880D-B8E9DD3532BE}.Debug|x86.ActiveCfg = Debug|Any CPU
		{7613CB01-5546-4ADA-880D-B8E9DD3532BE}.Debug|x86.Build.0 = Debug|Any CPU
		{7613CB01-5546-4ADA-880D-B8E9DD3532BE}.Debug|x86.Deploy.0 = Debug|Any CPU
		{7613CB01-5546-4ADA-880D-B8E9DD3532BE}.Release|Any CPU.ActiveCfg = Release|Any CPU
		{7613CB01-5546-4ADA-880D-B8E9DD3532BE}.Release|Any CPU.Build.0 = Release|Any CPU
		{7613CB01-5546-4ADA-880D-B8E9DD3532BE}.Release|Any CPU.Deploy.0 = Release|Any CPU
		{7613CB01-5546-4ADA-880D-B8E9DD3532BE}.Release|ARM.ActiveCfg = Release|Any CPU
		{7613CB01-5546-4ADA-880D-B8E9DD3532BE}.Release|ARM.Build.0 = Release|Any CPU
		{7613CB01-5546-4ADA-880D-B8E9DD3532BE}.Release|ARM.Deploy.0 = Release|Any CPU
		{7613CB01-5546-4ADA-880D-B8E9DD3532BE}.Release|iPhone.ActiveCfg = Release|Any CPU
		{7613CB01-5546-4ADA-880D-B8E9DD3532BE}.Release|iPhone.Build.0 = Release|Any CPU
		{7613CB01-5546-4ADA-880D-B8E9DD3532BE}.Release|iPhone.Deploy.0 = Release|Any CPU
		{7613CB01-5546-4ADA-880D-B8E9DD3532BE}.Release|iPhoneSimulator.ActiveCfg = Release|Any CPU
		{7613CB01-5546-4ADA-880D-B8E9DD3532BE}.Release|iPhoneSimulator.Build.0 = Release|Any CPU
		{7613CB01-5546-4ADA-880D-B8E9DD3532BE}.Release|iPhoneSimulator.Deploy.0 = Release|Any CPU
		{7613CB01-5546-4ADA-880D-B8E9DD3532BE}.Release|x64.ActiveCfg = Release|Any CPU
		{7613CB01-5546-4ADA-880D-B8E9DD3532BE}.Release|x64.Build.0 = Release|Any CPU
		{7613CB01-5546-4ADA-880D-B8E9DD3532BE}.Release|x64.Deploy.0 = Release|Any CPU
		{7613CB01-5546-4ADA-880D-B8E9DD3532BE}.Release|x86.ActiveCfg = Release|Any CPU
		{7613CB01-5546-4ADA-880D-B8E9DD3532BE}.Release|x86.Build.0 = Release|Any CPU
		{7613CB01-5546-4ADA-880D-B8E9DD3532BE}.Release|x86.Deploy.0 = Release|Any CPU
	EndGlobalSection
	GlobalSection(SolutionProperties) = preSolution
		HideSolutionNode = FALSE
	EndGlobalSection
	GlobalSection(ExtensibilityGlobals) = postSolution
		SolutionGuid = {72ACC1FF-52F5-4CEF-928D-6265A6701014}
	EndGlobalSection
EndGlobal
